// !$*UTF8*$!
{
	archiveVersion = 1;
	classes = {
	};
	objectVersion = 55;
	objects = {

/* Begin PBXBuildFile section */
		5845D2E92A34D47C0070E309 /* AppDelegate.swift in Sources */ = {isa = PBXBuildFile; fileRef = 5845D2E82A34D47C0070E309 /* AppDelegate.swift */; };
		5845D2EB2A34D47C0070E309 /* SceneDelegate.swift in Sources */ = {isa = PBXBuildFile; fileRef = 5845D2EA2A34D47C0070E309 /* SceneDelegate.swift */; };
		5845D2ED2A34D47C0070E309 /* StepCountVieController.swift in Sources */ = {isa = PBXBuildFile; fileRef = 5845D2EC2A34D47C0070E309 /* StepCountVieController.swift */; };
		5845D2F02A34D47C0070E309 /* Main.storyboard in Resources */ = {isa = PBXBuildFile; fileRef = 5845D2EE2A34D47C0070E309 /* Main.storyboard */; };
		5845D2F22A34D47D0070E309 /* Assets.xcassets in Resources */ = {isa = PBXBuildFile; fileRef = 5845D2F12A34D47D0070E309 /* Assets.xcassets */; };
		5845D2F52A34D47D0070E309 /* LaunchScreen.storyboard in Resources */ = {isa = PBXBuildFile; fileRef = 5845D2F32A34D47D0070E309 /* LaunchScreen.storyboard */; };
		5845D3052A3617F10070E309 /* ChooseDateViewController.swift in Sources */ = {isa = PBXBuildFile; fileRef = 5845D3042A3617F00070E309 /* ChooseDateViewController.swift */; };
/* End PBXBuildFile section */

/* Begin PBXFileReference section */
		5845D2E52A34D47C0070E309 /* Stepify.app */ = {isa = PBXFileReference; explicitFileType = wrapper.application; includeInIndex = 0; path = Stepify.app; sourceTree = BUILT_PRODUCTS_DIR; };
		5845D2E82A34D47C0070E309 /* AppDelegate.swift */ = {isa = PBXFileReference; lastKnownFileType = sourcecode.swift; path = AppDelegate.swift; sourceTree = "<group>"; };
		5845D2EA2A34D47C0070E309 /* SceneDelegate.swift */ = {isa = PBXFileReference; lastKnownFileType = sourcecode.swift; path = SceneDelegate.swift; sourceTree = "<group>"; };
		5845D2EC2A34D47C0070E309 /* StepCountVieController.swift */ = {isa = PBXFileReference; lastKnownFileType = sourcecode.swift; path = StepCountVieController.swift; sourceTree = "<group>"; };
		5845D2EF2A34D47C0070E309 /* Base */ = {isa = PBXFileReference; lastKnownFileType = file.storyboard; name = Base; path = Base.lproj/Main.storyboard; sourceTree = "<group>"; };
		5845D2F12A34D47D0070E309 /* Assets.xcassets */ = {isa = PBXFileReference; lastKnownFileType = folder.assetcatalog; path = Assets.xcassets; sourceTree = "<group>"; };
		5845D2F42A34D47D0070E309 /* Base */ = {isa = PBXFileReference; lastKnownFileType = file.storyboard; name = Base; path = Base.lproj/LaunchScreen.storyboard; sourceTree = "<group>"; };
		5845D2F62A34D47D0070E309 /* Info.plist */ = {isa = PBXFileReference; lastKnownFileType = text.plist.xml; path = Info.plist; sourceTree = "<group>"; };
		5845D3032A35B3CA0070E309 /* Stepify.entitlements */ = {isa = PBXFileReference; lastKnownFileType = text.plist.entitlements; path = Stepify.entitlements; sourceTree = "<group>"; };
		5845D3042A3617F00070E309 /* ChooseDateViewController.swift */ = {isa = PBXFileReference; lastKnownFileType = sourcecode.swift; path = ChooseDateViewController.swift; sourceTree = "<group>"; };
/* End PBXFileReference section */

/* Begin PBXFrameworksBuildPhase section */
		5845D2E22A34D47C0070E309 /* Frameworks */ = {
			isa = PBXFrameworksBuildPhase;
			buildActionMask = 2147483647;
			files = (
			);
			runOnlyForDeploymentPostprocessing = 0;
		};
/* End PBXFrameworksBuildPhase section */

/* Begin PBXGroup section */
		5845D2DC2A34D47C0070E309 = {
			isa = PBXGroup;
			children = (
				5845D2E72A34D47C0070E309 /* Stepify */,
				5845D2E62A34D47C0070E309 /* Products */,
			);
			sourceTree = "<group>";
		};
		5845D2E62A34D47C0070E309 /* Products */ = {
			isa = PBXGroup;
			children = (
				5845D2E52A34D47C0070E309 /* Stepify.app */,
			);
			name = Products;
			sourceTree = "<group>";
		};
		5845D2E72A34D47C0070E309 /* Stepify */ = {
			isa = PBXGroup;
			children = (
				5845D3032A35B3CA0070E309 /* Stepify.entitlements */,
				5845D3012A34D7410070E309 /* Application */,
				5845D2FE2A34D6730070E309 /* Resources */,
				5845D2FC2A34D5C30070E309 /* Model */,
				5845D2FF2A34D68D0070E309 /* Presentation */,
				5845D2F62A34D47D0070E309 /* Info.plist */,
			);
			path = Stepify;
			sourceTree = "<group>";
		};
		5845D2FC2A34D5C30070E309 /* Model */ = {
			isa = PBXGroup;
			children = (
			);
			path = Model;
			sourceTree = "<group>";
		};
		5845D2FE2A34D6730070E309 /* Resources */ = {
			isa = PBXGroup;
			children = (
				5845D2F12A34D47D0070E309 /* Assets.xcassets */,
			);
			path = Resources;
			sourceTree = "<group>";
		};
		5845D2FF2A34D68D0070E309 /* Presentation */ = {
			isa = PBXGroup;
			children = (
				5845D3022A35AEF20070E309 /* Controller */,
			);
			path = Presentation;
			sourceTree = "<group>";
		};
		5845D3012A34D7410070E309 /* Application */ = {
			isa = PBXGroup;
			children = (
				5845D2EA2A34D47C0070E309 /* SceneDelegate.swift */,
				5845D2E82A34D47C0070E309 /* AppDelegate.swift */,
			);
			path = Application;
			sourceTree = "<group>";
		};
		5845D3022A35AEF20070E309 /* Controller */ = {
			isa = PBXGroup;
			children = (
				5845D2F32A34D47D0070E309 /* LaunchScreen.storyboard */,
				5845D2EE2A34D47C0070E309 /* Main.storyboard */,
				5845D2EC2A34D47C0070E309 /* StepCountVieController.swift */,
				5845D3042A3617F00070E309 /* ChooseDateViewController.swift */,
			);
			path = Controller;
			sourceTree = "<group>";
		};
/* End PBXGroup section */

/* Begin PBXNativeTarget section */
		5845D2E42A34D47C0070E309 /* Stepify */ = {
			isa = PBXNativeTarget;
			buildConfigurationList = 5845D2F92A34D47D0070E309 /* Build configuration list for PBXNativeTarget "Stepify" */;
			buildPhases = (
				5845D2E12A34D47C0070E309 /* Sources */,
				5845D2E22A34D47C0070E309 /* Frameworks */,
				5845D2E32A34D47C0070E309 /* Resources */,
			);
			buildRules = (
			);
			dependencies = (
			);
			name = Stepify;
			productName = Stepify;
			productReference = 5845D2E52A34D47C0070E309 /* Stepify.app */;
			productType = "com.apple.product-type.application";
		};
/* End PBXNativeTarget section */

/* Begin PBXProject section */
		5845D2DD2A34D47C0070E309 /* Project object */ = {
			isa = PBXProject;
			attributes = {
				BuildIndependentTargetsInParallel = 1;
				LastSwiftUpdateCheck = 1430;
				LastUpgradeCheck = 1430;
				TargetAttributes = {
					5845D2E42A34D47C0070E309 = {
						CreatedOnToolsVersion = 14.3;
					};
				};
			};
			buildConfigurationList = 5845D2E02A34D47C0070E309 /* Build configuration list for PBXProject "Stepify" */;
			compatibilityVersion = "Xcode 13.0";
			developmentRegion = en;
			hasScannedForEncodings = 0;
			knownRegions = (
				en,
				Base,
			);
			mainGroup = 5845D2DC2A34D47C0070E309;
			productRefGroup = 5845D2E62A34D47C0070E309 /* Products */;
			projectDirPath = "";
			projectRoot = "";
			targets = (
				5845D2E42A34D47C0070E309 /* Stepify */,
			);
		};
/* End PBXProject section */

/* Begin PBXResourcesBuildPhase section */
		5845D2E32A34D47C0070E309 /* Resources */ = {
			isa = PBXResourcesBuildPhase;
			buildActionMask = 2147483647;
			files = (
				5845D2F52A34D47D0070E309 /* LaunchScreen.storyboard in Resources */,
				5845D2F22A34D47D0070E309 /* Assets.xcassets in Resources */,
				5845D2F02A34D47C0070E309 /* Main.storyboard in Resources */,
			);
			runOnlyForDeploymentPostprocessing = 0;
		};
/* End PBXResourcesBuildPhase section */

/* Begin PBXSourcesBuildPhase section */
		5845D2E12A34D47C0070E309 /* Sources */ = {
			isa = PBXSourcesBuildPhase;
			buildActionMask = 2147483647;
			files = (
				5845D2ED2A34D47C0070E309 /* StepCountVieController.swift in Sources */,
				5845D2E92A34D47C0070E309 /* AppDelegate.swift in Sources */,
				5845D2EB2A34D47C0070E309 /* SceneDelegate.swift in Sources */,
				5845D3052A3617F10070E309 /* ChooseDateViewController.swift in Sources */,
			);
			runOnlyForDeploymentPostprocessing = 0;
		};
/* End PBXSourcesBuildPhase section */

/* Begin PBXVariantGroup section */
		5845D2EE2A34D47C0070E309 /* Main.storyboard */ = {
			isa = PBXVariantGroup;
			children = (
				5845D2EF2A34D47C0070E309 /* Base */,
			);
			name = Main.storyboard;
			sourceTree = "<group>";
		};
		5845D2F32A34D47D0070E309 /* LaunchScreen.storyboard */ = {
			isa = PBXVariantGroup;
			children = (
				5845D2F42A34D47D0070E309 /* Base */,
			);
			name = LaunchScreen.storyboard;
			sourceTree = "<group>";
		};
/* End PBXVariantGroup section */

/* Begin XCBuildConfiguration section */
		5845D2F72A34D47D0070E309 /* Debug */ = {
			isa = XCBuildConfiguration;
			buildSettings = {
				ALWAYS_SEARCH_USER_PATHS = NO;
				CLANG_ANALYZER_NONNULL = YES;
				CLANG_ANALYZER_NUMBER_OBJECT_CONVERSION = YES_AGGRESSIVE;
				CLANG_CXX_LANGUAGE_STANDARD = "gnu++20";
				CLANG_ENABLE_MODULES = YES;
				CLANG_ENABLE_OBJC_ARC = YES;
				CLANG_ENABLE_OBJC_WEAK = YES;
				CLANG_WARN_BLOCK_CAPTURE_AUTORELEASING = YES;
				CLANG_WARN_BOOL_CONVERSION = YES;
				CLANG_WARN_COMMA = YES;
				CLANG_WARN_CONSTANT_CONVERSION = YES;
				CLANG_WARN_DEPRECATED_OBJC_IMPLEMENTATIONS = YES;
				CLANG_WARN_DIRECT_OBJC_ISA_USAGE = YES_ERROR;
				CLANG_WARN_DOCUMENTATION_COMMENTS = YES;
				CLANG_WARN_EMPTY_BODY = YES;
				CLANG_WARN_ENUM_CONVERSION = YES;
				CLANG_WARN_INFINITE_RECURSION = YES;
				CLANG_WARN_INT_CONVERSION = YES;
				CLANG_WARN_NON_LITERAL_NULL_CONVERSION = YES;
				CLANG_WARN_OBJC_IMPLICIT_RETAIN_SELF = YES;
				CLANG_WARN_OBJC_LITERAL_CONVERSION = YES;
				CLANG_WARN_OBJC_ROOT_CLASS = YES_ERROR;
				CLANG_WARN_QUOTED_INCLUDE_IN_FRAMEWORK_HEADER = YES;
				CLANG_WARN_RANGE_LOOP_ANALYSIS = YES;
				CLANG_WARN_STRICT_PROTOTYPES = YES;
				CLANG_WARN_SUSPICIOUS_MOVE = YES;
				CLANG_WARN_UNGUARDED_AVAILABILITY = YES_AGGRESSIVE;
				CLANG_WARN_UNREACHABLE_CODE = YES;
				CLANG_WARN__DUPLICATE_METHOD_MATCH = YES;
				COPY_PHASE_STRIP = NO;
				DEBUG_INFORMATION_FORMAT = dwarf;
				ENABLE_STRICT_OBJC_MSGSEND = YES;
				ENABLE_TESTABILITY = YES;
				GCC_C_LANGUAGE_STANDARD = gnu11;
				GCC_DYNAMIC_NO_PIC = NO;
				GCC_NO_COMMON_BLOCKS = YES;
				GCC_OPTIMIZATION_LEVEL = 0;
				GCC_PREPROCESSOR_DEFINITIONS = (
					"DEBUG=1",
					"$(inherited)",
				);
				GCC_WARN_64_TO_32_BIT_CONVERSION = YES;
				GCC_WARN_ABOUT_RETURN_TYPE = YES_ERROR;
				GCC_WARN_UNDECLARED_SELECTOR = YES;
				GCC_WARN_UNINITIALIZED_AUTOS = YES_AGGRESSIVE;
				GCC_WARN_UNUSED_FUNCTION = YES;
				GCC_WARN_UNUSED_VARIABLE = YES;
				IPHONEOS_DEPLOYMENT_TARGET = 14.0;
				MTL_ENABLE_DEBUG_INFO = INCLUDE_SOURCE;
				MTL_FAST_MATH = YES;
				ONLY_ACTIVE_ARCH = YES;
				SDKROOT = iphoneos;
				SWIFT_ACTIVE_COMPILATION_CONDITIONS = DEBUG;
				SWIFT_OPTIMIZATION_LEVEL = "-Onone";
			};
			name = Debug;
		};
		5845D2F82A34D47D0070E309 /* Release */ = {
			isa = XCBuildConfiguration;
			buildSettings = {
				ALWAYS_SEARCH_USER_PATHS = NO;
				CLANG_ANALYZER_NONNULL = YES;
				CLANG_ANALYZER_NUMBER_OBJECT_CONVERSION = YES_AGGRESSIVE;
				CLANG_CXX_LANGUAGE_STANDARD = "gnu++20";
				CLANG_ENABLE_MODULES = YES;
				CLANG_ENABLE_OBJC_ARC = YES;
				CLANG_ENABLE_OBJC_WEAK = YES;
				CLANG_WARN_BLOCK_CAPTURE_AUTORELEASING = YES;
				CLANG_WARN_BOOL_CONVERSION = YES;
				CLANG_WARN_COMMA = YES;
				CLANG_WARN_CONSTANT_CONVERSION = YES;
				CLANG_WARN_DEPRECATED_OBJC_IMPLEMENTATIONS = YES;
				CLANG_WARN_DIRECT_OBJC_ISA_USAGE = YES_ERROR;
				CLANG_WARN_DOCUMENTATION_COMMENTS = YES;
				CLANG_WARN_EMPTY_BODY = YES;
				CLANG_WARN_ENUM_CONVERSION = YES;
				CLANG_WARN_INFINITE_RECURSION = YES;
				CLANG_WARN_INT_CONVERSION = YES;
				CLANG_WARN_NON_LITERAL_NULL_CONVERSION = YES;
				CLANG_WARN_OBJC_IMPLICIT_RETAIN_SELF = YES;
				CLANG_WARN_OBJC_LITERAL_CONVERSION = YES;
				CLANG_WARN_OBJC_ROOT_CLASS = YES_ERROR;
				CLANG_WARN_QUOTED_INCLUDE_IN_FRAMEWORK_HEADER = YES;
				CLANG_WARN_RANGE_LOOP_ANALYSIS = YES;
				CLANG_WARN_STRICT_PROTOTYPES = YES;
				CLANG_WARN_SUSPICIOUS_MOVE = YES;
				CLANG_WARN_UNGUARDED_AVAILABILITY = YES_AGGRESSIVE;
				CLANG_WARN_UNREACHABLE_CODE = YES;
				CLANG_WARN__DUPLICATE_METHOD_MATCH = YES;
				COPY_PHASE_STRIP = NO;
				DEBUG_INFORMATION_FORMAT = "dwarf-with-dsym";
				ENABLE_NS_ASSERTIONS = NO;
				ENABLE_STRICT_OBJC_MSGSEND = YES;
				GCC_C_LANGUAGE_STANDARD = gnu11;
				GCC_NO_COMMON_BLOCKS = YES;
				GCC_WARN_64_TO_32_BIT_CONVERSION = YES;
				GCC_WARN_ABOUT_RETURN_TYPE = YES_ERROR;
				GCC_WARN_UNDECLARED_SELECTOR = YES;
				GCC_WARN_UNINITIALIZED_AUTOS = YES_AGGRESSIVE;
				GCC_WARN_UNUSED_FUNCTION = YES;
				GCC_WARN_UNUSED_VARIABLE = YES;
				IPHONEOS_DEPLOYMENT_TARGET = 14.0;
				MTL_ENABLE_DEBUG_INFO = NO;
				MTL_FAST_MATH = YES;
				SDKROOT = iphoneos;
				SWIFT_COMPILATION_MODE = wholemodule;
				SWIFT_OPTIMIZATION_LEVEL = "-O";
				VALIDATE_PRODUCT = YES;
			};
			name = Release;
		};
		5845D2FA2A34D47D0070E309 /* Debug */ = {
			isa = XCBuildConfiguration;
			buildSettings = {
				ASSETCATALOG_COMPILER_APPICON_NAME = AppIcon;
				ASSETCATALOG_COMPILER_GLOBAL_ACCENT_COLOR_NAME = AccentColor;
				CODE_SIGN_ENTITLEMENTS = Stepify/Stepify.entitlements;
				CODE_SIGN_STYLE = Automatic;
				CURRENT_PROJECT_VERSION = 1;
				DEVELOPMENT_TEAM = GCH2JZL7P2;
				GENERATE_INFOPLIST_FILE = YES;
				INFOPLIST_FILE = Stepify/Info.plist;
				INFOPLIST_KEY_UIApplicationSupportsIndirectInputEvents = YES;
				INFOPLIST_KEY_UILaunchStoryboardName = LaunchScreen;
				INFOPLIST_KEY_UIMainStoryboardFile = Main;
				INFOPLIST_KEY_UISupportedInterfaceOrientations_iPad = "UIInterfaceOrientationPortrait UIInterfaceOrientationPortraitUpsideDown UIInterfaceOrientationLandscapeLeft UIInterfaceOrientationLandscapeRight";
				INFOPLIST_KEY_UISupportedInterfaceOrientations_iPhone = "UIInterfaceOrientationPortrait UIInterfaceOrientationLandscapeLeft UIInterfaceOrientationLandscapeRight";
				LD_RUNPATH_SEARCH_PATHS = (
					"$(inherited)",
					"@executable_path/Frameworks",
				);
				MARKETING_VERSION = 1.0;
				PRODUCT_BUNDLE_IDENTIFIER = "Suvendu-Kumar.Stepify";
				PRODUCT_NAME = "$(TARGET_NAME)";
				SUPPORTED_PLATFORMS = "iphoneos iphonesimulator";
				SUPPORTS_MACCATALYST = NO;
				SUPPORTS_MAC_DESIGNED_FOR_IPHONE_IPAD = NO;
				SWIFT_EMIT_LOC_STRINGS = YES;
				SWIFT_VERSION = 5.0;
				TARGETED_DEVICE_FAMILY = "1,2";
			};
			name = Debug;
		};
		5845D2FB2A34D47D0070E309 /* Release */ = {
			isa = XCBuildConfiguration;
			buildSettings = {
				ASSETCATALOG_COMPILER_APPICON_NAME = AppIcon;
				ASSETCATALOG_COMPILER_GLOBAL_ACCENT_COLOR_NAME = AccentColor;
				CODE_SIGN_ENTITLEMENTS = Stepify/Stepify.entitlements;
				CODE_SIGN_STYLE = Automatic;
				CURRENT_PROJECT_VERSION = 1;
				DEVELOPMENT_TEAM = GCH2JZL7P2;
				GENERATE_INFOPLIST_FILE = YES;
				INFOPLIST_FILE = Stepify/Info.plist;
				INFOPLIST_KEY_UIApplicationSupportsIndirectInputEvents = YES;
				INFOPLIST_KEY_UILaunchStoryboardName = LaunchScreen;
				INFOPLIST_KEY_UIMainStoryboardFile = Main;
				INFOPLIST_KEY_UISupportedInterfaceOrientations_iPad = "UIInterfaceOrientationPortrait UIInterfaceOrientationPortraitUpsideDown UIInterfaceOrientationLandscapeLeft UIInterfaceOrientationLandscapeRight";
				INFOPLIST_KEY_UISupportedInterfaceOrientations_iPhone = "UIInterfaceOrientationPortrait UIInterfaceOrientationLandscapeLeft UIInterfaceOrientationLandscapeRight";
				LD_RUNPATH_SEARCH_PATHS = (
					"$(inherited)",
					"@executable_path/Frameworks",
				);
				MARKETING_VERSION = 1.0;
				PRODUCT_BUNDLE_IDENTIFIER = "Suvendu-Kumar.Stepify";
				PRODUCT_NAME = "$(TARGET_NAME)";
				SUPPORTED_PLATFORMS = "iphoneos iphonesimulator";
				SUPPORTS_MACCATALYST = NO;
				SUPPORTS_MAC_DESIGNED_FOR_IPHONE_IPAD = NO;
				SWIFT_EMIT_LOC_STRINGS = YES;
				SWIFT_VERSION = 5.0;
				TARGETED_DEVICE_FAMILY = "1,2";
			};
			name = Release;
		};
/* End XCBuildConfiguration section */

/* Begin XCConfigurationList section */
		5845D2E02A34D47C0070E309 /* Build configuration list for PBXProject "Stepify" */ = {
			isa = XCConfigurationList;
			buildConfigurations = (
				5845D2F72A34D47D0070E309 /* Debug */,
				5845D2F82A34D47D0070E309 /* Release */,
			);
			defaultConfigurationIsVisible = 0;
			defaultConfigurationName = Release;
		};
		5845D2F92A34D47D0070E309 /* Build configuration list for PBXNativeTarget "Stepify" */ = {
			isa = XCConfigurationList;
			buildConfigurations = (
				5845D2FA2A34D47D0070E309 /* Debug */,
				5845D2FB2A34D47D0070E309 /* Release */,
			);
			defaultConfigurationIsVisible = 0;
			defaultConfigurationName = Release;
		};
/* End XCConfigurationList section */
	};
	rootObject = 5845D2DD2A34D47C0070E309 /* Project object */;
}
